
Microsoft Visual Studio Solution File, Format Version 12.00
# Visual Studio Version 17
VisualStudioVersion = 17.8.34322.80
MinimumVisualStudioVersion = 10.0.40219.1
Project("{FAE04EC0-301F-11D3-BF4B-00C04F79EFBC}") = "ProiectPAWRusuMihnea", "ProiectPAWRusuMihnea.csproj", "{65C556D8-47C3-41B0-949A-7796ECC2A63B}"
EndProject
Project("{2150E333-8FDC-42A3-9474-1A3956D46DE8}") = "Solution Items", "Solution Items", "{70B6173A-3CAB-43B1-AC3D-3C95051CF0C4}"
EndProject
Global
	GlobalSection(SolutionConfigurationPlatforms) = preSolution
		Debug|Any CPU = Debug|Any CPU
		Release|Any CPU = Release|Any CPU
	EndGlobalSection
	GlobalSection(ProjectConfigurationPlatforms) = postSolution
		{65C556D8-47C3-41B0-949A-7796ECC2A63B}.Debug|Any CPU.ActiveCfg = Debug|Any CPU
		{65C556D8-47C3-41B0-949A-7796ECC2A63B}.Debug|Any CPU.Build.0 = Debug|Any CPU
		{65C556D8-47C3-41B0-949A-7796ECC2A63B}.Release|Any CPU.ActiveCfg = Release|Any CPU
		{65C556D8-47C3-41B0-949A-7796ECC2A63B}.Release|Any CPU.Build.0 = Release|Any CPU
	EndGlobalSection
	GlobalSection(SolutionProperties) = preSolution
		HideSolutionNode = FALSE
	EndGlobalSection
	GlobalSection(ExtensibilityGlobals) = postSolution
		SolutionGuid = {EF3B6B24-A705-4D37-A237-13D3F20DBD31}
	EndGlobalSection
EndGlobal
